// !$*UTF8*$!
{
	archiveVersion = 1;
	classes = {
	};
	objectVersion = 77;
	objects = {

/* Begin PBXContainerItemProxy section */
		942E81792CE7AEB3004810EB /* PBXContainerItemProxy */ = {
			isa = PBXContainerItemProxy;
			containerPortal = 942E81602CE7AEB2004810EB /* Project object */;
			proxyType = 1;
			remoteGlobalIDString = 942E81672CE7AEB2004810EB;
			remoteInfo = rockpaperscissors;
		};
		942E81832CE7AEB3004810EB /* PBXContainerItemProxy */ = {
			isa = PBXContainerItemProxy;
			containerPortal = 942E81602CE7AEB2004810EB /* Project object */;
			proxyType = 1;
			remoteGlobalIDString = 942E81672CE7AEB2004810EB;
			remoteInfo = rockpaperscissors;
		};
/* End PBXContainerItemProxy section */

/* Begin PBXFileReference section */
		942E81682CE7AEB2004810EB /* rockpaperscissors.app */ = {isa = PBXFileReference; explicitFileType = wrapper.application; includeInIndex = 0; path = rockpaperscissors.app; sourceTree = BUILT_PRODUCTS_DIR; };
		942E81782CE7AEB3004810EB /* rockpaperscissorsTests.xctest */ = {isa = PBXFileReference; explicitFileType = wrapper.cfbundle; includeInIndex = 0; path = rockpaperscissorsTests.xctest; sourceTree = BUILT_PRODUCTS_DIR; };
		942E81822CE7AEB3004810EB /* rockpaperscissorsUITests.xctest */ = {isa = PBXFileReference; explicitFileType = wrapper.cfbundle; includeInIndex = 0; path = rockpaperscissorsUITests.xctest; sourceTree = BUILT_PRODUCTS_DIR; };
/* End PBXFileReference section */

/* Begin PBXFileSystemSynchronizedRootGroup section */
		942E816A2CE7AEB2004810EB /* rockpaperscissors */ = {
			isa = PBXFileSystemSynchronizedRootGroup;
			path = rockpaperscissors;
			sourceTree = "<group>";
		};
		942E817B2CE7AEB3004810EB /* rockpaperscissorsTests */ = {
			isa = PBXFileSystemSynchronizedRootGroup;
			path = rockpaperscissorsTests;
			sourceTree = "<group>";
		};
		942E81852CE7AEB3004810EB /* rockpaperscissorsUITests */ = {
			isa = PBXFileSystemSynchronizedRootGroup;
			path = rockpaperscissorsUITests;
			sourceTree = "<group>";
		};
/* End PBXFileSystemSynchronizedRootGroup section */

/* Begin PBXFrameworksBuildPhase section */
		942E81652CE7AEB2004810EB /* Frameworks */ = {
			isa = PBXFrameworksBuildPhase;
			buildActionMask = 2147483647;
			files = (
			);
			runOnlyForDeploymentPostprocessing = 0;
		};
		942E81752CE7AEB3004810EB /* Frameworks */ = {
			isa = PBXFrameworksBuildPhase;
			buildActionMask = 2147483647;
			files = (
			);
			runOnlyForDeploymentPostprocessing = 0;
		};
		942E817F2CE7AEB3004810EB /* Frameworks */ = {
			isa = PBXFrameworksBuildPhase;
			buildActionMask = 2147483647;
			files = (
			);
			runOnlyForDeploymentPostprocessing = 0;
		};
/* End PBXFrameworksBuildPhase section */

/* Begin PBXGroup section */
		942E815F2CE7AEB2004810EB = {
			isa = PBXGroup;
			children = (
				942E816A2CE7AEB2004810EB /* rockpaperscissors */,
				942E817B2CE7AEB3004810EB /* rockpaperscissorsTests */,
				942E81852CE7AEB3004810EB /* rockpaperscissorsUITests */,
				942E81692CE7AEB2004810EB /* Products */,
			);
			sourceTree = "<group>";
		};
		942E81692CE7AEB2004810EB /* Products */ = {
			isa = PBXGroup;
			children = (
				942E81682CE7AEB2004810EB /* rockpaperscissors.app */,
				942E81782CE7AEB3004810EB /* rockpaperscissorsTests.xctest */,
				942E81822CE7AEB3004810EB /* rockpaperscissorsUITests.xctest */,
			);
			name = Products;
			sourceTree = "<group>";
		};
/* End PBXGroup section */

/* Begin PBXNativeTarget section */
		942E81672CE7AEB2004810EB /* rockpaperscissors */ = {
			isa = PBXNativeTarget;
			buildConfigurationList = 942E818C2CE7AEB3004810EB /* Build configuration list for PBXNativeTarget "rockpaperscissors" */;
			buildPhases = (
				942E81642CE7AEB2004810EB /* Sources */,
				942E81652CE7AEB2004810EB /* Frameworks */,
				942E81662CE7AEB2004810EB /* Resources */,
			);
			buildRules = (
			);
			dependencies = (
			);
			fileSystemSynchronizedGroups = (
				942E816A2CE7AEB2004810EB /* rockpaperscissors */,
			);
			name = rockpaperscissors;
			packageProductDependencies = (
			);
			productName = rockpaperscissors;
			productReference = 942E81682CE7AEB2004810EB /* rockpaperscissors.app */;
			productType = "com.apple.product-type.application";
		};
		942E81772CE7AEB3004810EB /* rockpaperscissorsTests */ = {
			isa = PBXNativeTarget;
			buildConfigurationList = 942E818F2CE7AEB3004810EB /* Build configuration list for PBXNativeTarget "rockpaperscissorsTests" */;
			buildPhases = (
				942E81742CE7AEB3004810EB /* Sources */,
				942E81752CE7AEB3004810EB /* Frameworks */,
				942E81762CE7AEB3004810EB /* Resources */,
			);
			buildRules = (
			);
			dependencies = (
				942E817A2CE7AEB3004810EB /* PBXTargetDependency */,
			);
			fileSystemSynchronizedGroups = (
				942E817B2CE7AEB3004810EB /* rockpaperscissorsTests */,
			);
			name = rockpaperscissorsTests;
			packageProductDependencies = (
			);
			productName = rockpaperscissorsTests;
			productReference = 942E81782CE7AEB3004810EB /* rockpaperscissorsTests.xctest */;
			productType = "com.apple.product-type.bundle.unit-test";
		};
		942E81812CE7AEB3004810EB /* rockpaperscissorsUITests */ = {
			isa = PBXNativeTarget;
			buildConfigurationList = 942E81922CE7AEB3004810EB /* Build configuration list for PBXNativeTarget "rockpaperscissorsUITests" */;
			buildPhases = (
				942E817E2CE7AEB3004810EB /* Sources */,
				942E817F2CE7AEB3004810EB /* Frameworks */,
				942E81802CE7AEB3004810EB /* Resources */,
			);
			buildRules = (
			);
			dependencies = (
				942E81842CE7AEB3004810EB /* PBXTargetDependency */,
			);
			fileSystemSynchronizedGroups = (
				942E81852CE7AEB3004810EB /* rockpaperscissorsUITests */,
			);
			name = rockpaperscissorsUITests;
			packageProductDependencies = (
			);
			productName = rockpaperscissorsUITests;
			productReference = 942E81822CE7AEB3004810EB /* rockpaperscissorsUITests.xctest */;
			productType = "com.apple.product-type.bundle.ui-testing";
		};
/* End PBXNativeTarget section */

/* Begin PBXProject section */
		942E81602CE7AEB2004810EB /* Project object */ = {
			isa = PBXProject;
			attributes = {
				BuildIndependentTargetsInParallel = 1;
				LastSwiftUpdateCheck = 1610;
				LastUpgradeCheck = 1610;
				TargetAttributes = {
					942E81672CE7AEB2004810EB = {
						CreatedOnToolsVersion = 16.1;
					};
					942E81772CE7AEB3004810EB = {
						CreatedOnToolsVersion = 16.1;
						TestTargetID = 942E81672CE7AEB2004810EB;
					};
					942E81812CE7AEB3004810EB = {
						CreatedOnToolsVersion = 16.1;
						TestTargetID = 942E81672CE7AEB2004810EB;
					};
				};
			};
			buildConfigurationList = 942E81632CE7AEB2004810EB /* Build configuration list for PBXProject "rockpaperscissors" */;
			developmentRegion = en;
			hasScannedForEncodings = 0;
			knownRegions = (
				en,
				Base,
			);
			mainGroup = 942E815F2CE7AEB2004810EB;
			minimizedProjectReferenceProxies = 1;
			preferredProjectObjectVersion = 77;
			productRefGroup = 942E81692CE7AEB2004810EB /* Products */;
			projectDirPath = "";
			projectRoot = "";
			targets = (
				942E81672CE7AEB2004810EB /* rockpaperscissors */,
				942E81772CE7AEB3004810EB /* rockpaperscissorsTests */,
				942E81812CE7AEB3004810EB /* rockpaperscissorsUITests */,
			);
		};
/* End PBXProject section */

/* Begin PBXResourcesBuildPhase section */
		942E81662CE7AEB2004810EB /* Resources */ = {
			isa = PBXResourcesBuildPhase;
			buildActionMask = 2147483647;
			files = (
			);
			runOnlyForDeploymentPostprocessing = 0;
		};
		942E81762CE7AEB3004810EB /* Resources */ = {
			isa = PBXResourcesBuildPhase;
			buildActionMask = 2147483647;
			files = (
			);
			runOnlyForDeploymentPostprocessing = 0;
		};
		942E81802CE7AEB3004810EB /* Resources */ = {
			isa = PBXResourcesBuildPhase;
			buildActionMask = 2147483647;
			files = (
			);
			runOnlyForDeploymentPostprocessing = 0;
		};
/* End PBXResourcesBuildPhase section */

/* Begin PBXSourcesBuildPhase section */
		942E81642CE7AEB2004810EB /* Sources */ = {
			isa = PBXSourcesBuildPhase;
			buildActionMask = 2147483647;
			files = (
			);
			runOnlyForDeploymentPostprocessing = 0;
		};
		942E81742CE7AEB3004810EB /* Sources */ = {
			isa = PBXSourcesBuildPhase;
			buildActionMask = 2147483647;
			files = (
			);
			runOnlyForDeploymentPostprocessing = 0;
		};
		942E817E2CE7AEB3004810EB /* Sources */ = {
			isa = PBXSourcesBuildPhase;
			buildActionMask = 2147483647;
			files = (
			);
			runOnlyForDeploymentPostprocessing = 0;
		};
/* End PBXSourcesBuildPhase section */

/* Begin PBXTargetDependency section */
		942E817A2CE7AEB3004810EB /* PBXTargetDependency */ = {
			isa = PBXTargetDependency;
			target = 942E81672CE7AEB2004810EB /* rockpaperscissors */;
			targetProxy = 942E81792CE7AEB3004810EB /* PBXContainerItemProxy */;
		};
		942E81842CE7AEB3004810EB /* PBXTargetDependency */ = {
			isa = PBXTargetDependency;
			target = 942E81672CE7AEB2004810EB /* rockpaperscissors */;
			targetProxy = 942E81832CE7AEB3004810EB /* PBXContainerItemProxy */;
		};
/* End PBXTargetDependency section */

/* Begin XCBuildConfiguration section */
		942E818A2CE7AEB3004810EB /* Debug */ = {
			isa = XCBuildConfiguration;
			buildSettings = {
				ALWAYS_SEARCH_USER_PATHS = NO;
				ASSETCATALOG_COMPILER_GENERATE_SWIFT_ASSET_SYMBOL_EXTENSIONS = YES;
				CLANG_ANALYZER_NONNULL = YES;
				CLANG_ANALYZER_NUMBER_OBJECT_CONVERSION = YES_AGGRESSIVE;
				CLANG_CXX_LANGUAGE_STANDARD = "gnu++20";
				CLANG_ENABLE_MODULES = YES;
				CLANG_ENABLE_OBJC_ARC = YES;
				CLANG_ENABLE_OBJC_WEAK = YES;
				CLANG_WARN_BLOCK_CAPTURE_AUTORELEASING = YES;
				CLANG_WARN_BOOL_CONVERSION = YES;
				CLANG_WARN_COMMA = YES;
				CLANG_WARN_CONSTANT_CONVERSION = YES;
				CLANG_WARN_DEPRECATED_OBJC_IMPLEMENTATIONS = YES;
				CLANG_WARN_DIRECT_OBJC_ISA_USAGE = YES_ERROR;
				CLANG_WARN_DOCUMENTATION_COMMENTS = YES;
				CLANG_WARN_EMPTY_BODY = YES;
				CLANG_WARN_ENUM_CONVERSION = YES;
				CLANG_WARN_INFINITE_RECURSION = YES;
				CLANG_WARN_INT_CONVERSION = YES;
				CLANG_WARN_NON_LITERAL_NULL_CONVERSION = YES;
				CLANG_WARN_OBJC_IMPLICIT_RETAIN_SELF = YES;
				CLANG_WARN_OBJC_LITERAL_CONVERSION = YES;
				CLANG_WARN_OBJC_ROOT_CLASS = YES_ERROR;
				CLANG_WARN_QUOTED_INCLUDE_IN_FRAMEWORK_HEADER = YES;
				CLANG_WARN_RANGE_LOOP_ANALYSIS = YES;
				CLANG_WARN_STRICT_PROTOTYPES = YES;
				CLANG_WARN_SUSPICIOUS_MOVE = YES;
				CLANG_WARN_UNGUARDED_AVAILABILITY = YES_AGGRESSIVE;
				CLANG_WARN_UNREACHABLE_CODE = YES;
				CLANG_WARN__DUPLICATE_METHOD_MATCH = YES;
				COPY_PHASE_STRIP = NO;
				DEBUG_INFORMATION_FORMAT = dwarf;
				ENABLE_STRICT_OBJC_MSGSEND = YES;
				ENABLE_TESTABILITY = YES;
				ENABLE_USER_SCRIPT_SANDBOXING = YES;
				GCC_C_LANGUAGE_STANDARD = gnu17;
				GCC_DYNAMIC_NO_PIC = NO;
				GCC_NO_COMMON_BLOCKS = YES;
				GCC_OPTIMIZATION_LEVEL = 0;
				GCC_PREPROCESSOR_DEFINITIONS = (
					"DEBUG=1",
					"$(inherited)",
				);
				GCC_WARN_64_TO_32_BIT_CONVERSION = YES;
				GCC_WARN_ABOUT_RETURN_TYPE = YES_ERROR;
				GCC_WARN_UNDECLARED_SELECTOR = YES;
				GCC_WARN_UNINITIALIZED_AUTOS = YES_AGGRESSIVE;
				GCC_WARN_UNUSED_FUNCTION = YES;
				GCC_WARN_UNUSED_VARIABLE = YES;
				IPHONEOS_DEPLOYMENT_TARGET = 18.1;
				LOCALIZATION_PREFERS_STRING_CATALOGS = YES;
				MTL_ENABLE_DEBUG_INFO = INCLUDE_SOURCE;
				MTL_FAST_MATH = YES;
				ONLY_ACTIVE_ARCH = YES;
				SDKROOT = iphoneos;
				SWIFT_ACTIVE_COMPILATION_CONDITIONS = "DEBUG $(inherited)";
				SWIFT_OPTIMIZATION_LEVEL = "-Onone";
			};
			name = Debug;
		};
		942E818B2CE7AEB3004810EB /* Release */ = {
			isa = XCBuildConfiguration;
			buildSettings = {
				ALWAYS_SEARCH_USER_PATHS = NO;
				ASSETCATALOG_COMPILER_GENERATE_SWIFT_ASSET_SYMBOL_EXTENSIONS = YES;
				CLANG_ANALYZER_NONNULL = YES;
				CLANG_ANALYZER_NUMBER_OBJECT_CONVERSION = YES_AGGRESSIVE;
				CLANG_CXX_LANGUAGE_STANDARD = "gnu++20";
				CLANG_ENABLE_MODULES = YES;
				CLANG_ENABLE_OBJC_ARC = YES;
				CLANG_ENABLE_OBJC_WEAK = YES;
				CLANG_WARN_BLOCK_CAPTURE_AUTORELEASING = YES;
				CLANG_WARN_BOOL_CONVERSION = YES;
				CLANG_WARN_COMMA = YES;
				CLANG_WARN_CONSTANT_CONVERSION = YES;
				CLANG_WARN_DEPRECATED_OBJC_IMPLEMENTATIONS = YES;
				CLANG_WARN_DIRECT_OBJC_ISA_USAGE = YES_ERROR;
				CLANG_WARN_DOCUMENTATION_COMMENTS = YES;
				CLANG_WARN_EMPTY_BODY = YES;
				CLANG_WARN_ENUM_CONVERSION = YES;
				CLANG_WARN_INFINITE_RECURSION = YES;
				CLANG_WARN_INT_CONVERSION = YES;
				CLANG_WARN_NON_LITERAL_NULL_CONVERSION = YES;
				CLANG_WARN_OBJC_IMPLICIT_RETAIN_SELF = YES;
				CLANG_WARN_OBJC_LITERAL_CONVERSION = YES;
				CLANG_WARN_OBJC_ROOT_CLASS = YES_ERROR;
				CLANG_WARN_QUOTED_INCLUDE_IN_FRAMEWORK_HEADER = YES;
				CLANG_WARN_RANGE_LOOP_ANALYSIS = YES;
				CLANG_WARN_STRICT_PROTOTYPES = YES;
				CLANG_WARN_SUSPICIOUS_MOVE = YES;
				CLANG_WARN_UNGUARDED_AVAILABILITY = YES_AGGRESSIVE;
				CLANG_WARN_UNREACHABLE_CODE = YES;
				CLANG_WARN__DUPLICATE_METHOD_MATCH = YES;
				COPY_PHASE_STRIP = NO;
				DEBUG_INFORMATION_FORMAT = "dwarf-with-dsym";
				ENABLE_NS_ASSERTIONS = NO;
				ENABLE_STRICT_OBJC_MSGSEND = YES;
				ENABLE_USER_SCRIPT_SANDBOXING = YES;
				GCC_C_LANGUAGE_STANDARD = gnu17;
				GCC_NO_COMMON_BLOCKS = YES;
				GCC_WARN_64_TO_32_BIT_CONVERSION = YES;
				GCC_WARN_ABOUT_RETURN_TYPE = YES_ERROR;
				GCC_WARN_UNDECLARED_SELECTOR = YES;
				GCC_WARN_UNINITIALIZED_AUTOS = YES_AGGRESSIVE;
				GCC_WARN_UNUSED_FUNCTION = YES;
				GCC_WARN_UNUSED_VARIABLE = YES;
				IPHONEOS_DEPLOYMENT_TARGET = 18.1;
				LOCALIZATION_PREFERS_STRING_CATALOGS = YES;
				MTL_ENABLE_DEBUG_INFO = NO;
				MTL_FAST_MATH = YES;
				SDKROOT = iphoneos;
				SWIFT_COMPILATION_MODE = wholemodule;
				VALIDATE_PRODUCT = YES;
			};
			name = Release;
		};
		942E818D2CE7AEB3004810EB /* Debug */ = {
			isa = XCBuildConfiguration;
			buildSettings = {
				ASSETCATALOG_COMPILER_APPICON_NAME = AppIcon;
				ASSETCATALOG_COMPILER_GLOBAL_ACCENT_COLOR_NAME = AccentColor;
				CODE_SIGN_STYLE = Automatic;
				CURRENT_PROJECT_VERSION = 1;
				DEVELOPMENT_ASSET_PATHS = "\"rockpaperscissors/Preview Content\"";
				ENABLE_PREVIEWS = YES;
				GENERATE_INFOPLIST_FILE = YES;
				INFOPLIST_KEY_UIApplicationSceneManifest_Generation = YES;
				INFOPLIST_KEY_UIApplicationSupportsIndirectInputEvents = YES;
				INFOPLIST_KEY_UILaunchScreen_Generation = YES;
				INFOPLIST_KEY_UISupportedInterfaceOrientations_iPad = "UIInterfaceOrientationPortrait UIInterfaceOrientationPortraitUpsideDown UIInterfaceOrientationLandscapeLeft UIInterfaceOrientationLandscapeRight";
				INFOPLIST_KEY_UISupportedInterfaceOrientations_iPhone = "UIInterfaceOrientationPortrait UIInterfaceOrientationLandscapeLeft UIInterfaceOrientationLandscapeRight";
				LD_RUNPATH_SEARCH_PATHS = (
					"$(inherited)",
					"@executable_path/Frameworks",
				);
				MARKETING_VERSION = 1.0;
				PRODUCT_BUNDLE_IDENTIFIER = lin.rockpaperscissors;
				PRODUCT_NAME = "$(TARGET_NAME)";
				SWIFT_EMIT_LOC_STRINGS = YES;
				SWIFT_VERSION = 5.0;
				TARGETED_DEVICE_FAMILY = "1,2";
			};
			name = Debug;
		};
		942E818E2CE7AEB3004810EB /* Release */ = {
			isa = XCBuildConfiguration;
			buildSettings = {
				ASSETCATALOG_COMPILER_APPICON_NAME = AppIcon;
				ASSETCATALOG_COMPILER_GLOBAL_ACCENT_COLOR_NAME = AccentColor;
				CODE_SIGN_STYLE = Automatic;
				CURRENT_PROJECT_VERSION = 1;
				DEVELOPMENT_ASSET_PATHS = "\"rockpaperscissors/Preview Content\"";
				ENABLE_PREVIEWS = YES;
				GENERATE_INFOPLIST_FILE = YES;
				INFOPLIST_KEY_UIApplicationSceneManifest_Generation = YES;
				INFOPLIST_KEY_UIApplicationSupportsIndirectInputEvents = YES;
				INFOPLIST_KEY_UILaunchScreen_Generation = YES;
				INFOPLIST_KEY_UISupportedInterfaceOrientations_iPad = "UIInterfaceOrientationPortrait UIInterfaceOrientationPortraitUpsideDown UIInterfaceOrientationLandscapeLeft UIInterfaceOrientationLandscapeRight";
				INFOPLIST_KEY_UISupportedInterfaceOrientations_iPhone = "UIInterfaceOrientationPortrait UIInterfaceOrientationLandscapeLeft UIInterfaceOrientationLandscapeRight";
				LD_RUNPATH_SEARCH_PATHS = (
					"$(inherited)",
					"@executable_path/Frameworks",
				);
				MARKETING_VERSION = 1.0;
				PRODUCT_BUNDLE_IDENTIFIER = lin.rockpaperscissors;
				PRODUCT_NAME = "$(TARGET_NAME)";
				SWIFT_EMIT_LOC_STRINGS = YES;
				SWIFT_VERSION = 5.0;
				TARGETED_DEVICE_FAMILY = "1,2";
			};
			name = Release;
		};
		942E81902CE7AEB3004810EB /* Debug */ = {
			isa = XCBuildConfiguration;
			buildSettings = {
				BUNDLE_LOADER = "$(TEST_HOST)";
				CODE_SIGN_STYLE = Automatic;
				CURRENT_PROJECT_VERSION = 1;
				GENERATE_INFOPLIST_FILE = YES;
				IPHONEOS_DEPLOYMENT_TARGET = 18.1;
				MARKETING_VERSION = 1.0;
				PRODUCT_BUNDLE_IDENTIFIER = lin.rockpaperscissorsTests;
				PRODUCT_NAME = "$(TARGET_NAME)";
				SWIFT_EMIT_LOC_STRINGS = NO;
				SWIFT_VERSION = 5.0;
				TARGETED_DEVICE_FAMILY = "1,2";
				TEST_HOST = "$(BUILT_PRODUCTS_DIR)/rockpaperscissors.app/$(BUNDLE_EXECUTABLE_FOLDER_PATH)/rockpaperscissors";
			};
			name = Debug;
		};
		942E81912CE7AEB3004810EB /* Release */ = {
			isa = XCBuildConfiguration;
			buildSettings = {
				BUNDLE_LOADER = "$(TEST_HOST)";
				CODE_SIGN_STYLE = Automatic;
				CURRENT_PROJECT_VERSION = 1;
				GENERATE_INFOPLIST_FILE = YES;
				IPHONEOS_DEPLOYMENT_TARGET = 18.1;
				MARKETING_VERSION = 1.0;
				PRODUCT_BUNDLE_IDENTIFIER = lin.rockpaperscissorsTests;
				PRODUCT_NAME = "$(TARGET_NAME)";
				SWIFT_EMIT_LOC_STRINGS = NO;
				SWIFT_VERSION = 5.0;
				TARGETED_DEVICE_FAMILY = "1,2";
				TEST_HOST = "$(BUILT_PRODUCTS_DIR)/rockpaperscissors.app/$(BUNDLE_EXECUTABLE_FOLDER_PATH)/rockpaperscissors";
			};
			name = Release;
		};
		942E81932CE7AEB3004810EB /* Debug */ = {
			isa = XCBuildConfiguration;
			buildSettings = {
				CODE_SIGN_STYLE = Automatic;
				CURRENT_PROJECT_VERSION = 1;
				GENERATE_INFOPLIST_FILE = YES;
				MARKETING_VERSION = 1.0;
				PRODUCT_BUNDLE_IDENTIFIER = lin.rockpaperscissorsUITests;
				PRODUCT_NAME = "$(TARGET_NAME)";
				SWIFT_EMIT_LOC_STRINGS = NO;
				SWIFT_VERSION = 5.0;
				TARGETED_DEVICE_FAMILY = "1,2";
				TEST_TARGET_NAME = rockpaperscissors;
			};
			name = Debug;
		};
		942E81942CE7AEB3004810EB /* Release */ = {
			isa = XCBuildConfiguration;
			buildSettings = {
				CODE_SIGN_STYLE = Automatic;
				CURRENT_PROJECT_VERSION = 1;
				GENERATE_INFOPLIST_FILE = YES;
				MARKETING_VERSION = 1.0;
				PRODUCT_BUNDLE_IDENTIFIER = lin.rockpaperscissorsUITests;
				PRODUCT_NAME = "$(TARGET_NAME)";
				SWIFT_EMIT_LOC_STRINGS = NO;
				SWIFT_VERSION = 5.0;
				TARGETED_DEVICE_FAMILY = "1,2";
				TEST_TARGET_NAME = rockpaperscissors;
			};
			name = Release;
		};
/* End XCBuildConfiguration section */

/* Begin XCConfigurationList section */
		942E81632CE7AEB2004810EB /* Build configuration list for PBXProject "rockpaperscissors" */ = {
			isa = XCConfigurationList;
			buildConfigurations = (
				942E818A2CE7AEB3004810EB /* Debug */,
				942E818B2CE7AEB3004810EB /* Release */,
			);
			defaultConfigurationIsVisible = 0;
			defaultConfigurationName = Release;
		};
		942E818C2CE7AEB3004810EB /* Build configuration list for PBXNativeTarget "rockpaperscissors" */ = {
			isa = XCConfigurationList;
			buildConfigurations = (
				942E818D2CE7AEB3004810EB /* Debug */,
				942E818E2CE7AEB3004810EB /* Release */,
			);
			defaultConfigurationIsVisible = 0;
			defaultConfigurationName = Release;
		};
		942E818F2CE7AEB3004810EB /* Build configuration list for PBXNativeTarget "rockpaperscissorsTests" */ = {
			isa = XCConfigurationList;
			buildConfigurations = (
				942E81902CE7AEB3004810EB /* Debug */,
				942E81912CE7AEB3004810EB /* Release */,
			);
			defaultConfigurationIsVisible = 0;
			defaultConfigurationName = Release;
		};
		942E81922CE7AEB3004810EB /* Build configuration list for PBXNativeTarget "rockpaperscissorsUITests" */ = {
			isa = XCConfigurationList;
			buildConfigurations = (
				942E81932CE7AEB3004810EB /* Debug */,
				942E81942CE7AEB3004810EB /* Release */,
			);
			defaultConfigurationIsVisible = 0;
			defaultConfigurationName = Release;
		};
/* End XCConfigurationList section */
	};
	rootObject = 942E81602CE7AEB2004810EB /* Project object */;
}
